
Microsoft Visual Studio Solution File, Format Version 12.00
# Visual Studio Version 16
VisualStudioVersion = 16.0.29519.87
MinimumVisualStudioVersion = 10.0.40219.1
Project("{FAE04EC0-301F-11D3-BF4B-00C04F79EFBC}") = "Murder Chickens", "murder-chickens\Murder Chickens.csproj", "{0195AFF7-8613-4894-A4A3-8AB8A4D0FC52}"
EndProject
Project("{FAE04EC0-301F-11D3-BF4B-00C04F79EFBC}") = "LooterSpy", "LooterSpy\LooterSpy.csproj", "{B465148D-310E-4278-9183-D8E7D03B44D1}"
EndProject
Project("{FAE04EC0-301F-11D3-BF4B-00C04F79EFBC}") = "CustomCrateHackingTimer", "CustomCrateHackingTimer\CustomCrateHackingTimer.csproj", "{BE5EAD9A-F2BB-47A2-AF6C-813ED05F5E62}"
EndProject
Global
	GlobalSection(SolutionConfigurationPlatforms) = preSolution
		Debug|Any CPU = Debug|Any CPU
		Release|Any CPU = Release|Any CPU
	EndGlobalSection
	GlobalSection(ProjectConfigurationPlatforms) = postSolution
		{0195AFF7-8613-4894-A4A3-8AB8A4D0FC52}.Debug|Any CPU.ActiveCfg = Debug|Any CPU
		{0195AFF7-8613-4894-A4A3-8AB8A4D0FC52}.Debug|Any CPU.Build.0 = Debug|Any CPU
		{0195AFF7-8613-4894-A4A3-8AB8A4D0FC52}.Release|Any CPU.ActiveCfg = Release|Any CPU
		{0195AFF7-8613-4894-A4A3-8AB8A4D0FC52}.Release|Any CPU.Build.0 = Release|Any CPU
		{B465148D-310E-4278-9183-D8E7D03B44D1}.Debug|Any CPU.ActiveCfg = Debug|Any CPU
		{B465148D-310E-4278-9183-D8E7D03B44D1}.Debug|Any CPU.Build.0 = Debug|Any CPU
		{B465148D-310E-4278-9183-D8E7D03B44D1}.Release|Any CPU.ActiveCfg = Release|Any CPU
		{B465148D-310E-4278-9183-D8E7D03B44D1}.Release|Any CPU.Build.0 = Release|Any CPU
		{BE5EAD9A-F2BB-47A2-AF6C-813ED05F5E62}.Debug|Any CPU.ActiveCfg = Debug|Any CPU
		{BE5EAD9A-F2BB-47A2-AF6C-813ED05F5E62}.Debug|Any CPU.Build.0 = Debug|Any CPU
		{BE5EAD9A-F2BB-47A2-AF6C-813ED05F5E62}.Release|Any CPU.ActiveCfg = Release|Any CPU
		{BE5EAD9A-F2BB-47A2-AF6C-813ED05F5E62}.Release|Any CPU.Build.0 = Release|Any CPU
	EndGlobalSection
	GlobalSection(SolutionProperties) = preSolution
		HideSolutionNode = FALSE
	EndGlobalSection
	GlobalSection(ExtensibilityGlobals) = postSolution
		SolutionGuid = {3672149D-CDFA-4AD5-864D-43BA82E50C59}
	EndGlobalSection
EndGlobal
